// !$*UTF8*$!
{
	archiveVersion = 1;
	classes = {
	};
	objectVersion = 56;
	objects = {

/* Begin PBXBuildFile section */
		C22F139A2D4539DB004479D6 /* Actividad_DINT_U4_SwiftUIApp.swift in Sources */ = {isa = PBXBuildFile; fileRef = C22F13992D4539DB004479D6 /* Actividad_DINT_U4_SwiftUIApp.swift */; };
		C22F139C2D4539DB004479D6 /* ContentView.swift in Sources */ = {isa = PBXBuildFile; fileRef = C22F139B2D4539DB004479D6 /* ContentView.swift */; };
		C22F139E2D4539DC004479D6 /* Assets.xcassets in Resources */ = {isa = PBXBuildFile; fileRef = C22F139D2D4539DC004479D6 /* Assets.xcassets */; };
		C22F13A12D4539DC004479D6 /* Preview Assets.xcassets in Resources */ = {isa = PBXBuildFile; fileRef = C22F13A02D4539DC004479D6 /* Preview Assets.xcassets */; };
		C22F13A82D453B0B004479D6 /* Film.swift in Sources */ = {isa = PBXBuildFile; fileRef = C22F13A72D453B0B004479D6 /* Film.swift */; };
		C22F13AA2D453BBC004479D6 /* FilmDetailView.swift in Sources */ = {isa = PBXBuildFile; fileRef = C22F13A92D453BBC004479D6 /* FilmDetailView.swift */; };
		C22F13AC2D453BE1004479D6 /* FilmCardView.swift in Sources */ = {isa = PBXBuildFile; fileRef = C22F13AB2D453BE1004479D6 /* FilmCardView.swift */; };
		C22F13AE2D45460F004479D6 /* FilmData.swift in Sources */ = {isa = PBXBuildFile; fileRef = C22F13AD2D45460E004479D6 /* FilmData.swift */; };
/* End PBXBuildFile section */

/* Begin PBXFileReference section */
		C22F13962D4539DB004479D6 /* Actividad_DINT_U4_SwiftUI.app */ = {isa = PBXFileReference; explicitFileType = wrapper.application; includeInIndex = 0; path = Actividad_DINT_U4_SwiftUI.app; sourceTree = BUILT_PRODUCTS_DIR; };
		C22F13992D4539DB004479D6 /* Actividad_DINT_U4_SwiftUIApp.swift */ = {isa = PBXFileReference; lastKnownFileType = sourcecode.swift; path = Actividad_DINT_U4_SwiftUIApp.swift; sourceTree = "<group>"; };
		C22F139B2D4539DB004479D6 /* ContentView.swift */ = {isa = PBXFileReference; lastKnownFileType = sourcecode.swift; path = ContentView.swift; sourceTree = "<group>"; };
		C22F139D2D4539DC004479D6 /* Assets.xcassets */ = {isa = PBXFileReference; lastKnownFileType = folder.assetcatalog; path = Assets.xcassets; sourceTree = "<group>"; };
		C22F13A02D4539DC004479D6 /* Preview Assets.xcassets */ = {isa = PBXFileReference; lastKnownFileType = folder.assetcatalog; path = "Preview Assets.xcassets"; sourceTree = "<group>"; };
		C22F13A72D453B0B004479D6 /* Film.swift */ = {isa = PBXFileReference; lastKnownFileType = sourcecode.swift; path = Film.swift; sourceTree = "<group>"; };
		C22F13A92D453BBC004479D6 /* FilmDetailView.swift */ = {isa = PBXFileReference; lastKnownFileType = sourcecode.swift; path = FilmDetailView.swift; sourceTree = "<group>"; };
		C22F13AB2D453BE1004479D6 /* FilmCardView.swift */ = {isa = PBXFileReference; lastKnownFileType = sourcecode.swift; path = FilmCardView.swift; sourceTree = "<group>"; };
		C22F13AD2D45460E004479D6 /* FilmData.swift */ = {isa = PBXFileReference; lastKnownFileType = sourcecode.swift; path = FilmData.swift; sourceTree = "<group>"; };
/* End PBXFileReference section */

/* Begin PBXFrameworksBuildPhase section */
		C22F13932D4539DB004479D6 /* Frameworks */ = {
			isa = PBXFrameworksBuildPhase;
			buildActionMask = 2147483647;
			files = (
			);
			runOnlyForDeploymentPostprocessing = 0;
		};
/* End PBXFrameworksBuildPhase section */

/* Begin PBXGroup section */
		C22F138D2D4539DB004479D6 = {
			isa = PBXGroup;
			children = (
				C22F13982D4539DB004479D6 /* Actividad_DINT_U4_SwiftUI */,
				C22F13972D4539DB004479D6 /* Products */,
			);
			sourceTree = "<group>";
		};
		C22F13972D4539DB004479D6 /* Products */ = {
			isa = PBXGroup;
			children = (
				C22F13962D4539DB004479D6 /* Actividad_DINT_U4_SwiftUI.app */,
			);
			name = Products;
			sourceTree = "<group>";
		};
		C22F13982D4539DB004479D6 /* Actividad_DINT_U4_SwiftUI */ = {
			isa = PBXGroup;
			children = (
				C22F13992D4539DB004479D6 /* Actividad_DINT_U4_SwiftUIApp.swift */,
				C22F139B2D4539DB004479D6 /* ContentView.swift */,
				C22F139D2D4539DC004479D6 /* Assets.xcassets */,
				C22F139F2D4539DC004479D6 /* Preview Content */,
				C22F13A72D453B0B004479D6 /* Film.swift */,
				C22F13A92D453BBC004479D6 /* FilmDetailView.swift */,
				C22F13AB2D453BE1004479D6 /* FilmCardView.swift */,
				C22F13AD2D45460E004479D6 /* FilmData.swift */,
			);
			path = Actividad_DINT_U4_SwiftUI;
			sourceTree = "<group>";
		};
		C22F139F2D4539DC004479D6 /* Preview Content */ = {
			isa = PBXGroup;
			children = (
				C22F13A02D4539DC004479D6 /* Preview Assets.xcassets */,
			);
			path = "Preview Content";
			sourceTree = "<group>";
		};
/* End PBXGroup section */

/* Begin PBXNativeTarget section */
		C22F13952D4539DB004479D6 /* Actividad_DINT_U4_SwiftUI */ = {
			isa = PBXNativeTarget;
			buildConfigurationList = C22F13A42D4539DC004479D6 /* Build configuration list for PBXNativeTarget "Actividad_DINT_U4_SwiftUI" */;
			buildPhases = (
				C22F13922D4539DB004479D6 /* Sources */,
				C22F13932D4539DB004479D6 /* Frameworks */,
				C22F13942D4539DB004479D6 /* Resources */,
			);
			buildRules = (
			);
			dependencies = (
			);
			name = Actividad_DINT_U4_SwiftUI;
			productName = Actividad_DINT_U4_SwiftUI;
			productReference = C22F13962D4539DB004479D6 /* Actividad_DINT_U4_SwiftUI.app */;
			productType = "com.apple.product-type.application";
		};
/* End PBXNativeTarget section */

/* Begin PBXProject section */
		C22F138E2D4539DB004479D6 /* Project object */ = {
			isa = PBXProject;
			attributes = {
				BuildIndependentTargetsInParallel = 1;
				LastSwiftUpdateCheck = 1520;
				LastUpgradeCheck = 1520;
				TargetAttributes = {
					C22F13952D4539DB004479D6 = {
						CreatedOnToolsVersion = 15.2;
					};
				};
			};
			buildConfigurationList = C22F13912D4539DB004479D6 /* Build configuration list for PBXProject "Actividad_DINT_U4_SwiftUI" */;
			compatibilityVersion = "Xcode 14.0";
			developmentRegion = en;
			hasScannedForEncodings = 0;
			knownRegions = (
				en,
				Base,
			);
			mainGroup = C22F138D2D4539DB004479D6;
			productRefGroup = C22F13972D4539DB004479D6 /* Products */;
			projectDirPath = "";
			projectRoot = "";
			targets = (
				C22F13952D4539DB004479D6 /* Actividad_DINT_U4_SwiftUI */,
			);
		};
/* End PBXProject section */

/* Begin PBXResourcesBuildPhase section */
		C22F13942D4539DB004479D6 /* Resources */ = {
			isa = PBXResourcesBuildPhase;
			buildActionMask = 2147483647;
			files = (
				C22F13A12D4539DC004479D6 /* Preview Assets.xcassets in Resources */,
				C22F139E2D4539DC004479D6 /* Assets.xcassets in Resources */,
			);
			runOnlyForDeploymentPostprocessing = 0;
		};
/* End PBXResourcesBuildPhase section */

/* Begin PBXSourcesBuildPhase section */
		C22F13922D4539DB004479D6 /* Sources */ = {
			isa = PBXSourcesBuildPhase;
			buildActionMask = 2147483647;
			files = (
				C22F139C2D4539DB004479D6 /* ContentView.swift in Sources */,
				C22F13AC2D453BE1004479D6 /* FilmCardView.swift in Sources */,
				C22F13AA2D453BBC004479D6 /* FilmDetailView.swift in Sources */,
				C22F13A82D453B0B004479D6 /* Film.swift in Sources */,
				C22F139A2D4539DB004479D6 /* Actividad_DINT_U4_SwiftUIApp.swift in Sources */,
				C22F13AE2D45460F004479D6 /* FilmData.swift in Sources */,
			);
			runOnlyForDeploymentPostprocessing = 0;
		};
/* End PBXSourcesBuildPhase section */

/* Begin XCBuildConfiguration section */
		C22F13A22D4539DC004479D6 /* Debug */ = {
			isa = XCBuildConfiguration;
			buildSettings = {
				ALWAYS_SEARCH_USER_PATHS = NO;
				ASSETCATALOG_COMPILER_GENERATE_SWIFT_ASSET_SYMBOL_EXTENSIONS = YES;
				CLANG_ANALYZER_NONNULL = YES;
				CLANG_ANALYZER_NUMBER_OBJECT_CONVERSION = YES_AGGRESSIVE;
				CLANG_CXX_LANGUAGE_STANDARD = "gnu++20";
				CLANG_ENABLE_MODULES = YES;
				CLANG_ENABLE_OBJC_ARC = YES;
				CLANG_ENABLE_OBJC_WEAK = YES;
				CLANG_WARN_BLOCK_CAPTURE_AUTORELEASING = YES;
				CLANG_WARN_BOOL_CONVERSION = YES;
				CLANG_WARN_COMMA = YES;
				CLANG_WARN_CONSTANT_CONVERSION = YES;
				CLANG_WARN_DEPRECATED_OBJC_IMPLEMENTATIONS = YES;
				CLANG_WARN_DIRECT_OBJC_ISA_USAGE = YES_ERROR;
				CLANG_WARN_DOCUMENTATION_COMMENTS = YES;
				CLANG_WARN_EMPTY_BODY = YES;
				CLANG_WARN_ENUM_CONVERSION = YES;
				CLANG_WARN_INFINITE_RECURSION = YES;
				CLANG_WARN_INT_CONVERSION = YES;
				CLANG_WARN_NON_LITERAL_NULL_CONVERSION = YES;
				CLANG_WARN_OBJC_IMPLICIT_RETAIN_SELF = YES;
				CLANG_WARN_OBJC_LITERAL_CONVERSION = YES;
				CLANG_WARN_OBJC_ROOT_CLASS = YES_ERROR;
				CLANG_WARN_QUOTED_INCLUDE_IN_FRAMEWORK_HEADER = YES;
				CLANG_WARN_RANGE_LOOP_ANALYSIS = YES;
				CLANG_WARN_STRICT_PROTOTYPES = YES;
				CLANG_WARN_SUSPICIOUS_MOVE = YES;
				CLANG_WARN_UNGUARDED_AVAILABILITY = YES_AGGRESSIVE;
				CLANG_WARN_UNREACHABLE_CODE = YES;
				CLANG_WARN__DUPLICATE_METHOD_MATCH = YES;
				COPY_PHASE_STRIP = NO;
				DEBUG_INFORMATION_FORMAT = dwarf;
				ENABLE_STRICT_OBJC_MSGSEND = YES;
				ENABLE_TESTABILITY = YES;
				ENABLE_USER_SCRIPT_SANDBOXING = YES;
				GCC_C_LANGUAGE_STANDARD = gnu17;
				GCC_DYNAMIC_NO_PIC = NO;
				GCC_NO_COMMON_BLOCKS = YES;
				GCC_OPTIMIZATION_LEVEL = 0;
				GCC_PREPROCESSOR_DEFINITIONS = (
					"DEBUG=1",
					"$(inherited)",
				);
				GCC_WARN_64_TO_32_BIT_CONVERSION = YES;
				GCC_WARN_ABOUT_RETURN_TYPE = YES_ERROR;
				GCC_WARN_UNDECLARED_SELECTOR = YES;
				GCC_WARN_UNINITIALIZED_AUTOS = YES_AGGRESSIVE;
				GCC_WARN_UNUSED_FUNCTION = YES;
				GCC_WARN_UNUSED_VARIABLE = YES;
				IPHONEOS_DEPLOYMENT_TARGET = 17.2;
				LOCALIZATION_PREFERS_STRING_CATALOGS = YES;
				MTL_ENABLE_DEBUG_INFO = INCLUDE_SOURCE;
				MTL_FAST_MATH = YES;
				ONLY_ACTIVE_ARCH = YES;
				SDKROOT = iphoneos;
				SWIFT_ACTIVE_COMPILATION_CONDITIONS = "DEBUG $(inherited)";
				SWIFT_OPTIMIZATION_LEVEL = "-Onone";
			};
			name = Debug;
		};
		C22F13A32D4539DC004479D6 /* Release */ = {
			isa = XCBuildConfiguration;
			buildSettings = {
				ALWAYS_SEARCH_USER_PATHS = NO;
				ASSETCATALOG_COMPILER_GENERATE_SWIFT_ASSET_SYMBOL_EXTENSIONS = YES;
				CLANG_ANALYZER_NONNULL = YES;
				CLANG_ANALYZER_NUMBER_OBJECT_CONVERSION = YES_AGGRESSIVE;
				CLANG_CXX_LANGUAGE_STANDARD = "gnu++20";
				CLANG_ENABLE_MODULES = YES;
				CLANG_ENABLE_OBJC_ARC = YES;
				CLANG_ENABLE_OBJC_WEAK = YES;
				CLANG_WARN_BLOCK_CAPTURE_AUTORELEASING = YES;
				CLANG_WARN_BOOL_CONVERSION = YES;
				CLANG_WARN_COMMA = YES;
				CLANG_WARN_CONSTANT_CONVERSION = YES;
				CLANG_WARN_DEPRECATED_OBJC_IMPLEMENTATIONS = YES;
				CLANG_WARN_DIRECT_OBJC_ISA_USAGE = YES_ERROR;
				CLANG_WARN_DOCUMENTATION_COMMENTS = YES;
				CLANG_WARN_EMPTY_BODY = YES;
				CLANG_WARN_ENUM_CONVERSION = YES;
				CLANG_WARN_INFINITE_RECURSION = YES;
				CLANG_WARN_INT_CONVERSION = YES;
				CLANG_WARN_NON_LITERAL_NULL_CONVERSION = YES;
				CLANG_WARN_OBJC_IMPLICIT_RETAIN_SELF = YES;
				CLANG_WARN_OBJC_LITERAL_CONVERSION = YES;
				CLANG_WARN_OBJC_ROOT_CLASS = YES_ERROR;
				CLANG_WARN_QUOTED_INCLUDE_IN_FRAMEWORK_HEADER = YES;
				CLANG_WARN_RANGE_LOOP_ANALYSIS = YES;
				CLANG_WARN_STRICT_PROTOTYPES = YES;
				CLANG_WARN_SUSPICIOUS_MOVE = YES;
				CLANG_WARN_UNGUARDED_AVAILABILITY = YES_AGGRESSIVE;
				CLANG_WARN_UNREACHABLE_CODE = YES;
				CLANG_WARN__DUPLICATE_METHOD_MATCH = YES;
				COPY_PHASE_STRIP = NO;
				DEBUG_INFORMATION_FORMAT = "dwarf-with-dsym";
				ENABLE_NS_ASSERTIONS = NO;
				ENABLE_STRICT_OBJC_MSGSEND = YES;
				ENABLE_USER_SCRIPT_SANDBOXING = YES;
				GCC_C_LANGUAGE_STANDARD = gnu17;
				GCC_NO_COMMON_BLOCKS = YES;
				GCC_WARN_64_TO_32_BIT_CONVERSION = YES;
				GCC_WARN_ABOUT_RETURN_TYPE = YES_ERROR;
				GCC_WARN_UNDECLARED_SELECTOR = YES;
				GCC_WARN_UNINITIALIZED_AUTOS = YES_AGGRESSIVE;
				GCC_WARN_UNUSED_FUNCTION = YES;
				GCC_WARN_UNUSED_VARIABLE = YES;
				IPHONEOS_DEPLOYMENT_TARGET = 17.2;
				LOCALIZATION_PREFERS_STRING_CATALOGS = YES;
				MTL_ENABLE_DEBUG_INFO = NO;
				MTL_FAST_MATH = YES;
				SDKROOT = iphoneos;
				SWIFT_COMPILATION_MODE = wholemodule;
				VALIDATE_PRODUCT = YES;
			};
			name = Release;
		};
		C22F13A52D4539DC004479D6 /* Debug */ = {
			isa = XCBuildConfiguration;
			buildSettings = {
				ASSETCATALOG_COMPILER_APPICON_NAME = AppIcon;
				ASSETCATALOG_COMPILER_GLOBAL_ACCENT_COLOR_NAME = AccentColor;
				ASSETCATALOG_COMPILER_INCLUDE_ALL_APPICON_ASSETS = NO;
				CODE_SIGN_STYLE = Automatic;
				CURRENT_PROJECT_VERSION = 1;
				DEVELOPMENT_ASSET_PATHS = "\"Actividad_DINT_U4_SwiftUI/Preview Content\"";
				ENABLE_PREVIEWS = YES;
				GENERATE_INFOPLIST_FILE = YES;
				INFOPLIST_KEY_UIApplicationSceneManifest_Generation = YES;
				INFOPLIST_KEY_UIApplicationSupportsIndirectInputEvents = YES;
				INFOPLIST_KEY_UILaunchScreen_Generation = YES;
				INFOPLIST_KEY_UISupportedInterfaceOrientations_iPad = "UIInterfaceOrientationPortrait UIInterfaceOrientationPortraitUpsideDown UIInterfaceOrientationLandscapeLeft UIInterfaceOrientationLandscapeRight";
				INFOPLIST_KEY_UISupportedInterfaceOrientations_iPhone = "UIInterfaceOrientationPortrait UIInterfaceOrientationLandscapeLeft UIInterfaceOrientationLandscapeRight";
				LD_RUNPATH_SEARCH_PATHS = (
					"$(inherited)",
					"@executable_path/Frameworks",
				);
				MARKETING_VERSION = 1.0;
				PRODUCT_BUNDLE_IDENTIFIER = "kodeleku.Actividad-DINT-U4-SwiftUI";
				PRODUCT_NAME = "$(TARGET_NAME)";
				SWIFT_EMIT_LOC_STRINGS = YES;
				SWIFT_VERSION = 5.0;
				TARGETED_DEVICE_FAMILY = "1,2";
			};
			name = Debug;
		};
		C22F13A62D4539DC004479D6 /* Release */ = {
			isa = XCBuildConfiguration;
			buildSettings = {
				ASSETCATALOG_COMPILER_APPICON_NAME = AppIcon;
				ASSETCATALOG_COMPILER_GLOBAL_ACCENT_COLOR_NAME = AccentColor;
				ASSETCATALOG_COMPILER_INCLUDE_ALL_APPICON_ASSETS = NO;
				CODE_SIGN_STYLE = Automatic;
				CURRENT_PROJECT_VERSION = 1;
				DEVELOPMENT_ASSET_PATHS = "\"Actividad_DINT_U4_SwiftUI/Preview Content\"";
				ENABLE_PREVIEWS = YES;
				GENERATE_INFOPLIST_FILE = YES;
				INFOPLIST_KEY_UIApplicationSceneManifest_Generation = YES;
				INFOPLIST_KEY_UIApplicationSupportsIndirectInputEvents = YES;
				INFOPLIST_KEY_UILaunchScreen_Generation = YES;
				INFOPLIST_KEY_UISupportedInterfaceOrientations_iPad = "UIInterfaceOrientationPortrait UIInterfaceOrientationPortraitUpsideDown UIInterfaceOrientationLandscapeLeft UIInterfaceOrientationLandscapeRight";
				INFOPLIST_KEY_UISupportedInterfaceOrientations_iPhone = "UIInterfaceOrientationPortrait UIInterfaceOrientationLandscapeLeft UIInterfaceOrientationLandscapeRight";
				LD_RUNPATH_SEARCH_PATHS = (
					"$(inherited)",
					"@executable_path/Frameworks",
				);
				MARKETING_VERSION = 1.0;
				PRODUCT_BUNDLE_IDENTIFIER = "kodeleku.Actividad-DINT-U4-SwiftUI";
				PRODUCT_NAME = "$(TARGET_NAME)";
				SWIFT_EMIT_LOC_STRINGS = YES;
				SWIFT_VERSION = 5.0;
				TARGETED_DEVICE_FAMILY = "1,2";
			};
			name = Release;
		};
/* End XCBuildConfiguration section */

/* Begin XCConfigurationList section */
		C22F13912D4539DB004479D6 /* Build configuration list for PBXProject "Actividad_DINT_U4_SwiftUI" */ = {
			isa = XCConfigurationList;
			buildConfigurations = (
				C22F13A22D4539DC004479D6 /* Debug */,
				C22F13A32D4539DC004479D6 /* Release */,
			);
			defaultConfigurationIsVisible = 0;
			defaultConfigurationName = Release;
		};
		C22F13A42D4539DC004479D6 /* Build configuration list for PBXNativeTarget "Actividad_DINT_U4_SwiftUI" */ = {
			isa = XCConfigurationList;
			buildConfigurations = (
				C22F13A52D4539DC004479D6 /* Debug */,
				C22F13A62D4539DC004479D6 /* Release */,
			);
			defaultConfigurationIsVisible = 0;
			defaultConfigurationName = Release;
		};
/* End XCConfigurationList section */
	};
	rootObject = C22F138E2D4539DB004479D6 /* Project object */;
}
